{
  "name": "mercadinho",
  "version": "1.0.0",
  "lockfileVersion": 3,
  "requires": true,
  "author": "Thiago",
  "description": "Sistema de mercadinho funcional",
  "license": "ISC",
  "main": "backend/server.js",
  "packages": {},
  "devDependencies": {
    "nodemon": "^2.0.22"
  },
  "scripts": {
    "dev": "nodemon backend/server.js",
    "start": "node backend/server.js"
  }
}
